
Microsoft Visual Studio Solution File, Format Version 12.00
# Visual Studio Version 17
VisualStudioVersion = 17.4.33205.214
MinimumVisualStudioVersion = 10.0.40219.1
Project("{FAE04EC0-301F-11D3-BF4B-00C04F79EFBC}") = "OOProj.WindowsAplikacija", "OOProj.WindowsAplikacija\OOProj.WindowsAplikacija.csproj", "{66DA716A-89C9-4741-850A-17F1ABA901F5}"
EndProject
Global
	GlobalSection(SolutionConfigurationPlatforms) = preSolution
		Debug|Any CPU = Debug|Any CPU
		Release|Any CPU = Release|Any CPU
	EndGlobalSection
	GlobalSection(ProjectConfigurationPlatforms) = postSolution
		{66DA716A-89C9-4741-850A-17F1ABA901F5}.Debug|Any CPU.ActiveCfg = Debug|Any CPU
		{66DA716A-89C9-4741-850A-17F1ABA901F5}.Debug|Any CPU.Build.0 = Debug|Any CPU
		{66DA716A-89C9-4741-850A-17F1ABA901F5}.Release|Any CPU.ActiveCfg = Release|Any CPU
		{66DA716A-89C9-4741-850A-17F1ABA901F5}.Release|Any CPU.Build.0 = Release|Any CPU
	EndGlobalSection
	GlobalSection(SolutionProperties) = preSolution
		HideSolutionNode = FALSE
	EndGlobalSection
	GlobalSection(ExtensibilityGlobals) = postSolution
		SolutionGuid = {4F3B7BD2-6263-4658-A0C5-4837FADBF17C}
	EndGlobalSection
EndGlobal
